
Microsoft Visual Studio Solution File, Format Version 12.00
# Visual Studio Version 17
VisualStudioVersion = 17.8.34408.163
MinimumVisualStudioVersion = 10.0.40219.1
Project("{FAE04EC0-301F-11D3-BF4B-00C04F79EFBC}") = "MD5Hash.Benchmarks", "MD5Hash.Benchmarks\MD5Hash.Benchmarks.csproj", "{17A8FA45-C1D0-4C66-9F11-F21A80806896}"
EndProject
Project("{FAE04EC0-301F-11D3-BF4B-00C04F79EFBC}") = "MD5Hash.Tests", "MD5Hash.Tests\MD5Hash.Tests.csproj", "{99B80346-A46A-46D4-BA70-E89B698757A5}"
EndProject
Global
	GlobalSection(SolutionConfigurationPlatforms) = preSolution
		Debug|Any CPU = Debug|Any CPU
		Release|Any CPU = Release|Any CPU
	EndGlobalSection
	GlobalSection(ProjectConfigurationPlatforms) = postSolution
		{17A8FA45-C1D0-4C66-9F11-F21A80806896}.Debug|Any CPU.ActiveCfg = Debug|Any CPU
		{17A8FA45-C1D0-4C66-9F11-F21A80806896}.Debug|Any CPU.Build.0 = Debug|Any CPU
		{17A8FA45-C1D0-4C66-9F11-F21A80806896}.Release|Any CPU.ActiveCfg = Release|Any CPU
		{17A8FA45-C1D0-4C66-9F11-F21A80806896}.Release|Any CPU.Build.0 = Release|Any CPU
		{99B80346-A46A-46D4-BA70-E89B698757A5}.Debug|Any CPU.ActiveCfg = Debug|Any CPU
		{99B80346-A46A-46D4-BA70-E89B698757A5}.Debug|Any CPU.Build.0 = Debug|Any CPU
		{99B80346-A46A-46D4-BA70-E89B698757A5}.Release|Any CPU.ActiveCfg = Release|Any CPU
		{99B80346-A46A-46D4-BA70-E89B698757A5}.Release|Any CPU.Build.0 = Release|Any CPU
	EndGlobalSection
	GlobalSection(SolutionProperties) = preSolution
		HideSolutionNode = FALSE
	EndGlobalSection
	GlobalSection(ExtensibilityGlobals) = postSolution
		SolutionGuid = {F0807B1D-DE5C-42FF-B860-D2B59F582446}
	EndGlobalSection
EndGlobal
